
Microsoft Visual Studio Solution File, Format Version 12.00
# Visual Studio Version 17
VisualStudioVersion = 17.8.34330.188
MinimumVisualStudioVersion = 10.0.40219.1
Project("{FAE04EC0-301F-11D3-BF4B-00C04F79EFBC}") = "BTDienThoai 4", "BTDienThoai 4\BTDienThoai 4.csproj", "{EEBECA5B-2C10-4A08-816D-51B131CBE56B}"
EndProject
Global
	GlobalSection(SolutionConfigurationPlatforms) = preSolution
		Debug|Any CPU = Debug|Any CPU
		Release|Any CPU = Release|Any CPU
	EndGlobalSection
	GlobalSection(ProjectConfigurationPlatforms) = postSolution
		{EEBECA5B-2C10-4A08-816D-51B131CBE56B}.Debug|Any CPU.ActiveCfg = Debug|Any CPU
		{EEBECA5B-2C10-4A08-816D-51B131CBE56B}.Debug|Any CPU.Build.0 = Debug|Any CPU
		{EEBECA5B-2C10-4A08-816D-51B131CBE56B}.Release|Any CPU.ActiveCfg = Release|Any CPU
		{EEBECA5B-2C10-4A08-816D-51B131CBE56B}.Release|Any CPU.Build.0 = Release|Any CPU
	EndGlobalSection
	GlobalSection(SolutionProperties) = preSolution
		HideSolutionNode = FALSE
	EndGlobalSection
	GlobalSection(ExtensibilityGlobals) = postSolution
		SolutionGuid = {8B8A8458-EF40-4CE2-918A-15D589EC2A90}
	EndGlobalSection
EndGlobal
